
Microsoft Visual Studio Solution File, Format Version 11.00
# Visual Studio 2010
Project("{FAE04EC0-301F-11D3-BF4B-00C04F79EFBC}") = "Assembly-CSharp", "Assembly-CSharp.csproj", "{E3AC814C-7857-410E-7B0B-C6BA5EA173DE}"
EndProject
Project("{FAE04EC0-301F-11D3-BF4B-00C04F79EFBC}") = "Assembly-CSharp-Editor-firstpass", "Assembly-CSharp-Editor-firstpass.csproj", "{98056211-0275-30B8-5FB9-8094586D8239}"
EndProject
Global
	GlobalSection(SolutionConfigurationPlatforms) = preSolution
		Debug|Any CPU = Debug|Any CPU
		Release|Any CPU = Release|Any CPU
	EndGlobalSection
	GlobalSection(ProjectConfigurationPlatforms) = postSolution
		{E3AC814C-7857-410E-7B0B-C6BA5EA173DE}.Debug|Any CPU.ActiveCfg = Debug|Any CPU
		{E3AC814C-7857-410E-7B0B-C6BA5EA173DE}.Debug|Any CPU.Build.0 = Debug|Any CPU
		{E3AC814C-7857-410E-7B0B-C6BA5EA173DE}.Release|Any CPU.ActiveCfg = Release|Any CPU
		{E3AC814C-7857-410E-7B0B-C6BA5EA173DE}.Release|Any CPU.Build.0 = Release|Any CPU
		{98056211-0275-30B8-5FB9-8094586D8239}.Debug|Any CPU.ActiveCfg = Debug|Any CPU
		{98056211-0275-30B8-5FB9-8094586D8239}.Debug|Any CPU.Build.0 = Debug|Any CPU
		{98056211-0275-30B8-5FB9-8094586D8239}.Release|Any CPU.ActiveCfg = Release|Any CPU
		{98056211-0275-30B8-5FB9-8094586D8239}.Release|Any CPU.Build.0 = Release|Any CPU
	EndGlobalSection
	GlobalSection(SolutionProperties) = preSolution
		HideSolutionNode = FALSE
	EndGlobalSection
	GlobalSection(MonoDevelopProperties) = preSolution
		StartupItem = Assembly-CSharp.csproj
	EndGlobalSection
EndGlobal
